
Microsoft Visual Studio Solution File, Format Version 12.00
# Visual Studio 15
VisualStudioVersion = 15.0.26730.12
MinimumVisualStudioVersion = 10.0.40219.1
Project("{FAE04EC0-301F-11D3-BF4B-00C04F79EFBC}") = "BodyMassIndexInformation", "BodyMassIndexInformation\BodyMassIndexInformation.csproj", "{631E45AA-795F-4B9E-997B-F5450318D128}"
EndProject
Project("{FAE04EC0-301F-11D3-BF4B-00C04F79EFBC}") = "BMIValueValidateLib", "BMIValueValidateLib\BMIValueValidateLib.csproj", "{0D725CA6-250B-4DD4-B7A5-62F42F488428}"
EndProject
Project("{FAE04EC0-301F-11D3-BF4B-00C04F79EFBC}") = "BMICalculateLib", "BMICalculateLib\BMICalculateLib.csproj", "{BFC5693E-86B0-46E9-BF72-473163697C8E}"
EndProject
Project("{FAE04EC0-301F-11D3-BF4B-00C04F79EFBC}") = "ReadUserInputsLib", "ReadUserInputsLib\ReadUserInputsLib.csproj", "{944C5DBF-3CAC-44F2-972A-44ACF3234D19}"
EndProject
Project("{FAE04EC0-301F-11D3-BF4B-00C04F79EFBC}") = "ConsoleDisplayLib", "ConsoleDisplayLib\ConsoleDisplayLib.csproj", "{DE5305D0-5FE2-4EE6-840B-FAFD9D113EEE}"
EndProject
Global
	GlobalSection(SolutionConfigurationPlatforms) = preSolution
		Debug|Any CPU = Debug|Any CPU
		Release|Any CPU = Release|Any CPU
	EndGlobalSection
	GlobalSection(ProjectConfigurationPlatforms) = postSolution
		{631E45AA-795F-4B9E-997B-F5450318D128}.Debug|Any CPU.ActiveCfg = Debug|Any CPU
		{631E45AA-795F-4B9E-997B-F5450318D128}.Debug|Any CPU.Build.0 = Debug|Any CPU
		{631E45AA-795F-4B9E-997B-F5450318D128}.Release|Any CPU.ActiveCfg = Release|Any CPU
		{631E45AA-795F-4B9E-997B-F5450318D128}.Release|Any CPU.Build.0 = Release|Any CPU
		{0D725CA6-250B-4DD4-B7A5-62F42F488428}.Debug|Any CPU.ActiveCfg = Debug|Any CPU
		{0D725CA6-250B-4DD4-B7A5-62F42F488428}.Debug|Any CPU.Build.0 = Debug|Any CPU
		{0D725CA6-250B-4DD4-B7A5-62F42F488428}.Release|Any CPU.ActiveCfg = Release|Any CPU
		{0D725CA6-250B-4DD4-B7A5-62F42F488428}.Release|Any CPU.Build.0 = Release|Any CPU
		{BFC5693E-86B0-46E9-BF72-473163697C8E}.Debug|Any CPU.ActiveCfg = Debug|Any CPU
		{BFC5693E-86B0-46E9-BF72-473163697C8E}.Debug|Any CPU.Build.0 = Debug|Any CPU
		{BFC5693E-86B0-46E9-BF72-473163697C8E}.Release|Any CPU.ActiveCfg = Release|Any CPU
		{BFC5693E-86B0-46E9-BF72-473163697C8E}.Release|Any CPU.Build.0 = Release|Any CPU
		{944C5DBF-3CAC-44F2-972A-44ACF3234D19}.Debug|Any CPU.ActiveCfg = Debug|Any CPU
		{944C5DBF-3CAC-44F2-972A-44ACF3234D19}.Debug|Any CPU.Build.0 = Debug|Any CPU
		{944C5DBF-3CAC-44F2-972A-44ACF3234D19}.Release|Any CPU.ActiveCfg = Release|Any CPU
		{944C5DBF-3CAC-44F2-972A-44ACF3234D19}.Release|Any CPU.Build.0 = Release|Any CPU
		{DE5305D0-5FE2-4EE6-840B-FAFD9D113EEE}.Debug|Any CPU.ActiveCfg = Debug|Any CPU
		{DE5305D0-5FE2-4EE6-840B-FAFD9D113EEE}.Debug|Any CPU.Build.0 = Debug|Any CPU
		{DE5305D0-5FE2-4EE6-840B-FAFD9D113EEE}.Release|Any CPU.ActiveCfg = Release|Any CPU
		{DE5305D0-5FE2-4EE6-840B-FAFD9D113EEE}.Release|Any CPU.Build.0 = Release|Any CPU
	EndGlobalSection
	GlobalSection(SolutionProperties) = preSolution
		HideSolutionNode = FALSE
	EndGlobalSection
	GlobalSection(ExtensibilityGlobals) = postSolution
		SolutionGuid = {9CD5AA15-E23B-464E-946F-3B125721F032}
	EndGlobalSection
EndGlobal
